
Microsoft Visual Studio Solution File, Format Version 12.00
# Visual Studio Version 17
VisualStudioVersion = 17.4.33205.214
MinimumVisualStudioVersion = 10.0.40219.1
Project("{FAE04EC0-301F-11D3-BF4B-00C04F79EFBC}") = "DotNetWebAPI", "DotNetWebAPI\DotNetWebAPI.csproj", "{4F2FB64E-DAEC-447C-9432-6E8EAFE1099A}"
EndProject
Global
	GlobalSection(SolutionConfigurationPlatforms) = preSolution
		Debug|Any CPU = Debug|Any CPU
		Release|Any CPU = Release|Any CPU
	EndGlobalSection
	GlobalSection(ProjectConfigurationPlatforms) = postSolution
		{4F2FB64E-DAEC-447C-9432-6E8EAFE1099A}.Debug|Any CPU.ActiveCfg = Debug|Any CPU
		{4F2FB64E-DAEC-447C-9432-6E8EAFE1099A}.Debug|Any CPU.Build.0 = Debug|Any CPU
		{4F2FB64E-DAEC-447C-9432-6E8EAFE1099A}.Release|Any CPU.ActiveCfg = Release|Any CPU
		{4F2FB64E-DAEC-447C-9432-6E8EAFE1099A}.Release|Any CPU.Build.0 = Release|Any CPU
	EndGlobalSection
	GlobalSection(SolutionProperties) = preSolution
		HideSolutionNode = FALSE
	EndGlobalSection
	GlobalSection(ExtensibilityGlobals) = postSolution
		SolutionGuid = {A446FED8-FDA3-4F6A-A1CA-453088F198D2}
	EndGlobalSection
EndGlobal
